
Microsoft Visual Studio Solution File, Format Version 12.00
# Visual Studio Version 17
VisualStudioVersion = 17.9.34622.214
MinimumVisualStudioVersion = 10.0.40219.1
Project("{FAE04EC0-301F-11D3-BF4B-00C04F79EFBC}") = "OONV-1-1-Správce-Kontaktů", "OONV-1-1-Správce-Kontaktů\OONV-1-1-Správce-Kontaktů.csproj", "{AFB9B4F9-3D84-4798-A8F3-DFE34453A431}"
EndProject
Global
	GlobalSection(SolutionConfigurationPlatforms) = preSolution
		Debug|Any CPU = Debug|Any CPU
		Release|Any CPU = Release|Any CPU
	EndGlobalSection
	GlobalSection(ProjectConfigurationPlatforms) = postSolution
		{AFB9B4F9-3D84-4798-A8F3-DFE34453A431}.Debug|Any CPU.ActiveCfg = Debug|Any CPU
		{AFB9B4F9-3D84-4798-A8F3-DFE34453A431}.Debug|Any CPU.Build.0 = Debug|Any CPU
		{AFB9B4F9-3D84-4798-A8F3-DFE34453A431}.Release|Any CPU.ActiveCfg = Release|Any CPU
		{AFB9B4F9-3D84-4798-A8F3-DFE34453A431}.Release|Any CPU.Build.0 = Release|Any CPU
	EndGlobalSection
	GlobalSection(SolutionProperties) = preSolution
		HideSolutionNode = FALSE
	EndGlobalSection
	GlobalSection(ExtensibilityGlobals) = postSolution
		SolutionGuid = {3AD3317A-9FB7-4CAD-913E-836730237EE1}
	EndGlobalSection
EndGlobal
